# THIS IS AN AUTOGENERATED FILE. DO NOT EDIT THIS FILE DIRECTLY.
# yarn lockfile v1


sprockets@^0.0.0:
  version "0.0.0"
  resolved "https://registry.yarnpkg.com/sprockets/-/sprockets-0.0.0.tgz#01b5ad4bd1d45240e4ace1e7423d63c85ce2b0ea"
  integrity sha512-Us41/HRngDbPLbXg3h/WrVrEymLDUOMmI95I2NXuIi4nGxwQ6aiwjBP5rGvU/K7MbjHy3n0tVpHLP34WLyVy8w==
